
Microsoft Visual Studio Solution File, Format Version 12.00
# Visual Studio Version 17
VisualStudioVersion = 17.4.33213.308
MinimumVisualStudioVersion = 10.0.40219.1
Project("{FAE04EC0-301F-11D3-BF4B-00C04F79EFBC}") = "Cinema", "Cinema\Cinema.csproj", "{B30CD755-0D7E-4E97-88A3-230B1CBB4DF0}"
EndProject
Global
	GlobalSection(SolutionConfigurationPlatforms) = preSolution
		Debug|Any CPU = Debug|Any CPU
		Release|Any CPU = Release|Any CPU
	EndGlobalSection
	GlobalSection(ProjectConfigurationPlatforms) = postSolution
		{B30CD755-0D7E-4E97-88A3-230B1CBB4DF0}.Debug|Any CPU.ActiveCfg = Debug|Any CPU
		{B30CD755-0D7E-4E97-88A3-230B1CBB4DF0}.Debug|Any CPU.Build.0 = Debug|Any CPU
		{B30CD755-0D7E-4E97-88A3-230B1CBB4DF0}.Release|Any CPU.ActiveCfg = Release|Any CPU
		{B30CD755-0D7E-4E97-88A3-230B1CBB4DF0}.Release|Any CPU.Build.0 = Release|Any CPU
	EndGlobalSection
	GlobalSection(SolutionProperties) = preSolution
		HideSolutionNode = FALSE
	EndGlobalSection
	GlobalSection(ExtensibilityGlobals) = postSolution
		SolutionGuid = {DCA2165A-1823-4142-AEE7-E2A7D756F549}
	EndGlobalSection
EndGlobal
